
Microsoft Visual Studio Solution File, Format Version 12.00
# Visual Studio Version 17
VisualStudioVersion = 17.4.33205.214
MinimumVisualStudioVersion = 10.0.40219.1
Project("{9A19103F-16F7-4668-BE54-9A1E7A4F7556}") = "TransmissionUtilities", "TransmissionUtilities\TransmissionUtilities.csproj", "{5077BC3F-2159-4ADB-9DB0-6520BC4D54E7}"
EndProject
Project("{9A19103F-16F7-4668-BE54-9A1E7A4F7556}") = "MoveAfterSeeding", "MoveAfterSeeding\MoveAfterSeeding.csproj", "{AE67C97C-E8B1-48EC-838C-6FB05C04523A}"
EndProject
Project("{2150E333-8FDC-42A3-9474-1A3956D46DE8}") = "Solution Items", "Solution Items", "{6FAC3E6D-C362-4672-84E1-A8C2A58DB21D}"
	ProjectSection(SolutionItems) = preProject
		.gitignore = .gitignore
		LICENSE = LICENSE
	EndProjectSection
EndProject
Global
	GlobalSection(SolutionConfigurationPlatforms) = preSolution
		Debug|Any CPU = Debug|Any CPU
		Release|Any CPU = Release|Any CPU
	EndGlobalSection
	GlobalSection(ProjectConfigurationPlatforms) = postSolution
		{5077BC3F-2159-4ADB-9DB0-6520BC4D54E7}.Debug|Any CPU.ActiveCfg = Debug|Any CPU
		{5077BC3F-2159-4ADB-9DB0-6520BC4D54E7}.Debug|Any CPU.Build.0 = Debug|Any CPU
		{5077BC3F-2159-4ADB-9DB0-6520BC4D54E7}.Release|Any CPU.ActiveCfg = Release|Any CPU
		{5077BC3F-2159-4ADB-9DB0-6520BC4D54E7}.Release|Any CPU.Build.0 = Release|Any CPU
		{AE67C97C-E8B1-48EC-838C-6FB05C04523A}.Debug|Any CPU.ActiveCfg = Debug|Any CPU
		{AE67C97C-E8B1-48EC-838C-6FB05C04523A}.Debug|Any CPU.Build.0 = Debug|Any CPU
		{AE67C97C-E8B1-48EC-838C-6FB05C04523A}.Release|Any CPU.ActiveCfg = Release|Any CPU
		{AE67C97C-E8B1-48EC-838C-6FB05C04523A}.Release|Any CPU.Build.0 = Release|Any CPU
	EndGlobalSection
	GlobalSection(SolutionProperties) = preSolution
		HideSolutionNode = FALSE
	EndGlobalSection
	GlobalSection(ExtensibilityGlobals) = postSolution
		SolutionGuid = {65BF2FBB-B0CA-42F3-8179-B3F011ABF0F8}
	EndGlobalSection
EndGlobal
